
Microsoft Visual Studio Solution File, Format Version 12.00
# Visual Studio Version 16
VisualStudioVersion = 16.0.30114.105
MinimumVisualStudioVersion = 10.0.40219.1
Project("{2150E333-8FDC-42A3-9474-1A3956D46DE8}") = "benchmark", "benchmark", "{9ECEB346-4EC3-49CA-9263-C793C019C965}"
EndProject
Project("{F2A71F9B-5D33-465A-A702-920D77279786}") = "Simplex", "benchmark\Simplex\Simplex.fsproj", "{92807F08-10EF-4D72-B2C5-6C499D86D41C}"
EndProject
Global
	GlobalSection(SolutionConfigurationPlatforms) = preSolution
		Debug|Any CPU = Debug|Any CPU
		Release|Any CPU = Release|Any CPU
	EndGlobalSection
	GlobalSection(SolutionProperties) = preSolution
		HideSolutionNode = FALSE
	EndGlobalSection
	GlobalSection(ProjectConfigurationPlatforms) = postSolution
		{92807F08-10EF-4D72-B2C5-6C499D86D41C}.Debug|Any CPU.ActiveCfg = Debug|Any CPU
		{92807F08-10EF-4D72-B2C5-6C499D86D41C}.Debug|Any CPU.Build.0 = Debug|Any CPU
		{92807F08-10EF-4D72-B2C5-6C499D86D41C}.Release|Any CPU.ActiveCfg = Release|Any CPU
		{92807F08-10EF-4D72-B2C5-6C499D86D41C}.Release|Any CPU.Build.0 = Release|Any CPU
	EndGlobalSection
	GlobalSection(NestedProjects) = preSolution
		{92807F08-10EF-4D72-B2C5-6C499D86D41C} = {9ECEB346-4EC3-49CA-9263-C793C019C965}
	EndGlobalSection
EndGlobal
